
Microsoft Visual Studio Solution File, Format Version 12.00
# Visual Studio Version 17
VisualStudioVersion = 17.8.34330.188
MinimumVisualStudioVersion = 10.0.40219.1
Project("{FAE04EC0-301F-11D3-BF4B-00C04F79EFBC}") = "CoffeeShopRegistration", "CoffeeShopRegistration\CoffeeShopRegistration.csproj", "{074920CC-1FFB-44DB-83FF-52194336A749}"
EndProject
Global
	GlobalSection(SolutionConfigurationPlatforms) = preSolution
		Debug|Any CPU = Debug|Any CPU
		Release|Any CPU = Release|Any CPU
	EndGlobalSection
	GlobalSection(ProjectConfigurationPlatforms) = postSolution
		{074920CC-1FFB-44DB-83FF-52194336A749}.Debug|Any CPU.ActiveCfg = Debug|Any CPU
		{074920CC-1FFB-44DB-83FF-52194336A749}.Debug|Any CPU.Build.0 = Debug|Any CPU
		{074920CC-1FFB-44DB-83FF-52194336A749}.Release|Any CPU.ActiveCfg = Release|Any CPU
		{074920CC-1FFB-44DB-83FF-52194336A749}.Release|Any CPU.Build.0 = Release|Any CPU
	EndGlobalSection
	GlobalSection(SolutionProperties) = preSolution
		HideSolutionNode = FALSE
	EndGlobalSection
	GlobalSection(ExtensibilityGlobals) = postSolution
		SolutionGuid = {54BD1E4B-AE02-430A-92B9-24185BF3507B}
	EndGlobalSection
EndGlobal
